
Microsoft Visual Studio Solution File, Format Version 12.00
Project("{FAE04EC0-301F-11D3-BF4B-00C04F79EFBC}") = "Bulletin", "src\Bulletin\Bulletin.csproj", "{8E6FB669-B7AE-454E-AF17-9615B93E8E4F}"
EndProject
Project("{FAE04EC0-301F-11D3-BF4B-00C04F79EFBC}") = "Bulletin.Tests", "test\Bulletin.Tests\Bulletin.Tests.csproj", "{9DFF24CC-8F55-4C55-9993-66DD47DC5245}"
EndProject
Project("{FAE04EC0-301F-11D3-BF4B-00C04F79EFBC}") = "Bulletin.Storage.S3", "src\Bulletin.Storage.S3\Bulletin.Storage.S3.csproj", "{C42D58AB-EC0F-4AFC-9548-A523D1729AB1}"
EndProject
Global
	GlobalSection(SolutionConfigurationPlatforms) = preSolution
		Debug|Any CPU = Debug|Any CPU
		Release|Any CPU = Release|Any CPU
	EndGlobalSection
	GlobalSection(ProjectConfigurationPlatforms) = postSolution
		{8E6FB669-B7AE-454E-AF17-9615B93E8E4F}.Debug|Any CPU.ActiveCfg = Debug|Any CPU
		{8E6FB669-B7AE-454E-AF17-9615B93E8E4F}.Debug|Any CPU.Build.0 = Debug|Any CPU
		{8E6FB669-B7AE-454E-AF17-9615B93E8E4F}.Release|Any CPU.ActiveCfg = Release|Any CPU
		{8E6FB669-B7AE-454E-AF17-9615B93E8E4F}.Release|Any CPU.Build.0 = Release|Any CPU
		{9DFF24CC-8F55-4C55-9993-66DD47DC5245}.Debug|Any CPU.ActiveCfg = Debug|Any CPU
		{9DFF24CC-8F55-4C55-9993-66DD47DC5245}.Debug|Any CPU.Build.0 = Debug|Any CPU
		{9DFF24CC-8F55-4C55-9993-66DD47DC5245}.Release|Any CPU.ActiveCfg = Release|Any CPU
		{9DFF24CC-8F55-4C55-9993-66DD47DC5245}.Release|Any CPU.Build.0 = Release|Any CPU
		{C42D58AB-EC0F-4AFC-9548-A523D1729AB1}.Debug|Any CPU.ActiveCfg = Debug|Any CPU
		{C42D58AB-EC0F-4AFC-9548-A523D1729AB1}.Debug|Any CPU.Build.0 = Debug|Any CPU
		{C42D58AB-EC0F-4AFC-9548-A523D1729AB1}.Release|Any CPU.ActiveCfg = Release|Any CPU
		{C42D58AB-EC0F-4AFC-9548-A523D1729AB1}.Release|Any CPU.Build.0 = Release|Any CPU
	EndGlobalSection
EndGlobal
